PODS:
  - Alamofire (4.6.0)
  - RxAlamofire (4.0.0):
    - RxAlamofire/Core (= 4.0.0)
  - RxAlamofire/Core (4.0.0):
    - Alamofire (~> 4.5)
    - RxSwift (~> 4.0)
  - RxSwift (4.1.0)

DEPENDENCIES:
  - Alamofire (~> 4.5)
  - RxAlamofire

SPEC CHECKSUMS:
  Alamofire: f41a599bd63041760b26d393ec1069d9d7b917f4
  RxAlamofire: 6ea579ac53bf14cb4bc7049a3866e5a769989b1d
  RxSwift: 4219941c1244c88002901bd87a69d3aea9ae71f0

PODFILE CHECKSUM: 39cbd57fb0179d993b6769cdd02c2509ad4c039e

COCOAPODS: 1.4.0
