// !$*UTF8*$!
{
	archiveVersion = 1;
	classes = {
	};
	objectVersion = 51;
	objects = {

/* Begin PBXBuildFile section */
		C908EADC20280890007FC681 /* HackerNewsRepository.swift in Sources */ = {isa = PBXBuildFile; fileRef = C908EADB20280890007FC681 /* HackerNewsRepository.swift */; };
		C908EADE20280A00007FC681 /* ApiClient.swift in Sources */ = {isa = PBXBuildFile; fileRef = C908EADD20280A00007FC681 /* ApiClient.swift */; };
		C908EAE120280AF6007FC681 /* ApiCache.swift in Sources */ = {isa = PBXBuildFile; fileRef = C908EAE020280AF6007FC681 /* ApiCache.swift */; };
		C90BBFFC20280F190014E498 /* ArticleListViewModel.swift in Sources */ = {isa = PBXBuildFile; fileRef = C90BBFFB20280F190014E498 /* ArticleListViewModel.swift */; };
		C90BBFFE20280F5D0014E498 /* ArticleViewModel.swift in Sources */ = {isa = PBXBuildFile; fileRef = C90BBFFD20280F5D0014E498 /* ArticleViewModel.swift */; };
		C90BC002202964740014E498 /* ArticleTableViewCell.swift in Sources */ = {isa = PBXBuildFile; fileRef = C90BC001202964740014E498 /* ArticleTableViewCell.swift */; };
		C90BC004202D563A0014E498 /* MainNavigationSplitViewDelegate.swift in Sources */ = {isa = PBXBuildFile; fileRef = C90BC003202D563A0014E498 /* MainNavigationSplitViewDelegate.swift */; };
		C90BC00C20329F700014E498 /* Endpoint.swift in Sources */ = {isa = PBXBuildFile; fileRef = C90BC00B20329F700014E498 /* Endpoint.swift */; };
		C92BCEB722DC090600835345 /* Alamofire.framework in Frameworks */ = {isa = PBXBuildFile; fileRef = C92BCEB622DC090600835345 /* Alamofire.framework */; };
		C92BCEDD22DC0CB100835345 /* libsqlite3.0.tbd in Frameworks */ = {isa = PBXBuildFile; fileRef = C92BCEDC22DC0CB100835345 /* libsqlite3.0.tbd */; };
		C92BCEDF22DC0CC000835345 /* libc++.tbd in Frameworks */ = {isa = PBXBuildFile; fileRef = C92BCEDE22DC0CBF00835345 /* libc++.tbd */; };
		C92BCEE122DC0D0500835345 /* StoreKit.framework in Frameworks */ = {isa = PBXBuildFile; fileRef = C92BCEE022DC0D0500835345 /* StoreKit.framework */; };
		C92BCEE322DC100300835345 /* AlamofireNetworkActivityLogger.framework in Frameworks */ = {isa = PBXBuildFile; fileRef = C92BCEE222DC100300835345 /* AlamofireNetworkActivityLogger.framework */; };
		C92BCEEC22DC105100835345 /* FirebaseCore.framework in Frameworks */ = {isa = PBXBuildFile; fileRef = C92BCEE422DC105000835345 /* FirebaseCore.framework */; };
		C92BCEED22DC105100835345 /* FirebaseCoreDiagnostics.framework in Frameworks */ = {isa = PBXBuildFile; fileRef = C92BCEE522DC105100835345 /* FirebaseCoreDiagnostics.framework */; };
		C92BCEEE22DC105100835345 /* GoogleUtilities.framework in Frameworks */ = {isa = PBXBuildFile; fileRef = C92BCEE622DC105100835345 /* GoogleUtilities.framework */; };
		C92BCEEF22DC105100835345 /* FirebaseInstanceID.framework in Frameworks */ = {isa = PBXBuildFile; fileRef = C92BCEE722DC105100835345 /* FirebaseInstanceID.framework */; };
		C92BCEF022DC105100835345 /* GoogleAppMeasurement.framework in Frameworks */ = {isa = PBXBuildFile; fileRef = C92BCEE822DC105100835345 /* GoogleAppMeasurement.framework */; };
		C92BCEF222DC105100835345 /* FirebaseAnalytics.framework in Frameworks */ = {isa = PBXBuildFile; fileRef = C92BCEEA22DC105100835345 /* FirebaseAnalytics.framework */; };
		C92BCEF322DC105100835345 /* FIRAnalyticsConnector.framework in Frameworks */ = {isa = PBXBuildFile; fileRef = C92BCEEB22DC105100835345 /* FIRAnalyticsConnector.framework */; };
		C92BCEF522DC105E00835345 /* nanopb.framework in Frameworks */ = {isa = PBXBuildFile; fileRef = C92BCEF422DC105E00835345 /* nanopb.framework */; };
		C92BCEF722DC15B600835345 /* Crashlytics.framework in Frameworks */ = {isa = PBXBuildFile; fileRef = C92BCEF622DC15B600835345 /* Crashlytics.framework */; };
		C92BCEF922DC15BE00835345 /* Fabric.framework in Frameworks */ = {isa = PBXBuildFile; fileRef = C92BCEF822DC15BE00835345 /* Fabric.framework */; };
		C92C70F021B2463C00A4219E /* .swiftlint.yml in Resources */ = {isa = PBXBuildFile; fileRef = C92C70EF21B2463C00A4219E /* .swiftlint.yml */; };
		C92E18B922DBD55900C57E9D /* RxAlamofire.framework in Frameworks */ = {isa = PBXBuildFile; fileRef = C92E18AA22DBD55800C57E9D /* RxAlamofire.framework */; };
		C92E18BA22DBD55900C57E9D /* RxSwift.framework in Frameworks */ = {isa = PBXBuildFile; fileRef = C92E18AB22DBD55800C57E9D /* RxSwift.framework */; };
		C92E18C022DBD55900C57E9D /* RxCocoa.framework in Frameworks */ = {isa = PBXBuildFile; fileRef = C92E18B122DBD55900C57E9D /* RxCocoa.framework */; };
		C92E18C322DBD55900C57E9D /* Kingfisher.framework in Frameworks */ = {isa = PBXBuildFile; fileRef = C92E18B422DBD55900C57E9D /* Kingfisher.framework */; };
		C92E18C522DBD55900C57E9D /* RxRelay.framework in Frameworks */ = {isa = PBXBuildFile; fileRef = C92E18B622DBD55900C57E9D /* RxRelay.framework */; };
		C93708E92086C607008926D5 /* ArticleTests.swift in Sources */ = {isa = PBXBuildFile; fileRef = C93708E82086C607008926D5 /* ArticleTests.swift */; };
		C93708F22086C796008926D5 /* Article-Ask.json in Resources */ = {isa = PBXBuildFile; fileRef = C93708EE2086C795008926D5 /* Article-Ask.json */; };
		C93708F32086C796008926D5 /* Comment.json in Resources */ = {isa = PBXBuildFile; fileRef = C93708EF2086C795008926D5 /* Comment.json */; };
		C93708F42086C796008926D5 /* Article-Job.json in Resources */ = {isa = PBXBuildFile; fileRef = C93708F02086C795008926D5 /* Article-Job.json */; };
		C93708F52086C796008926D5 /* Article-Story.json in Resources */ = {isa = PBXBuildFile; fileRef = C93708F12086C795008926D5 /* Article-Story.json */; };
		C93708FA2086E826008926D5 /* ArticleList.json in Resources */ = {isa = PBXBuildFile; fileRef = C93708F92086E826008926D5 /* ArticleList.json */; };
		C950C1EB201553EE00917A44 /* AppDelegate.swift in Sources */ = {isa = PBXBuildFile; fileRef = C950C1EA201553EE00917A44 /* AppDelegate.swift */; };
		C950C1F0201553EE00917A44 /* ArticleViewController.swift in Sources */ = {isa = PBXBuildFile; fileRef = C950C1EF201553EE00917A44 /* ArticleViewController.swift */; };
		C950C1F5201553EE00917A44 /* Main.storyboard in Resources */ = {isa = PBXBuildFile; fileRef = C950C1F3201553EE00917A44 /* Main.storyboard */; };
		C950C1F7201553EE00917A44 /* Assets.xcassets in Resources */ = {isa = PBXBuildFile; fileRef = C950C1F6201553EE00917A44 /* Assets.xcassets */; };
		C950C1FA201553EE00917A44 /* LaunchScreen.storyboard in Resources */ = {isa = PBXBuildFile; fileRef = C950C1F8201553EE00917A44 /* LaunchScreen.storyboard */; };
		C950C215201ADB8300917A44 /* HackerNewsApiClient.swift in Sources */ = {isa = PBXBuildFile; fileRef = C950C214201ADB8300917A44 /* HackerNewsApiClient.swift */; };
		C950C217201AE50E00917A44 /* Article.swift in Sources */ = {isa = PBXBuildFile; fileRef = C950C216201AE50E00917A44 /* Article.swift */; };
		C96135E52077102B00812AF3 /* MainViewController.swift in Sources */ = {isa = PBXBuildFile; fileRef = C96135E42077102B00812AF3 /* MainViewController.swift */; };
		C96135EA207C614C00812AF3 /* AppConstants.swift in Sources */ = {isa = PBXBuildFile; fileRef = C96135E9207C614C00812AF3 /* AppConstants.swift */; };
		C963F47621AE25FA0078D697 /* ArticleListTests.swift in Sources */ = {isa = PBXBuildFile; fileRef = C963F47521AE25FA0078D697 /* ArticleListTests.swift */; };
		C969BEAB20F592B600DDD0D0 /* UIDevice+iPad.swift in Sources */ = {isa = PBXBuildFile; fileRef = C969BEAA20F592B600DDD0D0 /* UIDevice+iPad.swift */; };
		C975149F20ED749600E7C2F1 /* BottomBarHideable.swift in Sources */ = {isa = PBXBuildFile; fileRef = C975149E20ED749600E7C2F1 /* BottomBarHideable.swift */; };
		C97F1A5120F151E400899E45 /* UIRefreshControl+RefreshHack.swift in Sources */ = {isa = PBXBuildFile; fileRef = C97F1A5020F151E400899E45 /* UIRefreshControl+RefreshHack.swift */; };
		C98AB984204508F700FB8ECD /* AppNavigator.swift in Sources */ = {isa = PBXBuildFile; fileRef = C98AB983204508F700FB8ECD /* AppNavigator.swift */; };
		C98AB98620465DA400FB8ECD /* ArticleViewable.swift in Sources */ = {isa = PBXBuildFile; fileRef = C98AB98520465DA400FB8ECD /* ArticleViewable.swift */; };
		C9A430C32123BF01003318C6 /* LoadingSpinnerCell.swift in Sources */ = {isa = PBXBuildFile; fileRef = C9A430C22123BF01003318C6 /* LoadingSpinnerCell.swift */; };
		C9AEF04C21B309C4004796BD /* LICENSE in Resources */ = {isa = PBXBuildFile; fileRef = C9AEF04B21B309C4004796BD /* LICENSE */; };
		C9AEF04E21B30A44004796BD /* README.md in Resources */ = {isa = PBXBuildFile; fileRef = C9AEF04D21B30A44004796BD /* README.md */; };
		C9AEF05021B30C84004796BD /* MockApiClient.swift in Sources */ = {isa = PBXBuildFile; fileRef = C9AEF04F21B30C84004796BD /* MockApiClient.swift */; };
		C9AEF05421B3A7B9004796BD /* Endpoint+Test.swift in Sources */ = {isa = PBXBuildFile; fileRef = C9AEF05321B3A7B9004796BD /* Endpoint+Test.swift */; };
		C9B06EA52048CB4B0048952C /* UITableView+FlexibleHeader.swift in Sources */ = {isa = PBXBuildFile; fileRef = C9B06EA42048CB4B0048952C /* UITableView+FlexibleHeader.swift */; };
		C9B06EA7204CEF670048952C /* ComentsViewModel.swift in Sources */ = {isa = PBXBuildFile; fileRef = C9B06EA6204CEF670048952C /* ComentsViewModel.swift */; };
		C9B06EA9204CF0DA0048952C /* String+Localized.swift in Sources */ = {isa = PBXBuildFile; fileRef = C9B06EA8204CF0DA0048952C /* String+Localized.swift */; };
		C9B06EAC204CF67F0048952C /* WebViewModel.swift in Sources */ = {isa = PBXBuildFile; fileRef = C9B06EAB204CF67F0048952C /* WebViewModel.swift */; };
		C9B06EAE205390D50048952C /* Comment.swift in Sources */ = {isa = PBXBuildFile; fileRef = C9B06EAD205390D50048952C /* Comment.swift */; };
		C9B06EB120539C400048952C /* NetworkError.swift in Sources */ = {isa = PBXBuildFile; fileRef = C9B06EB020539C400048952C /* NetworkError.swift */; };
		C9B06EB320546BDD0048952C /* CommentItemViewModel.swift in Sources */ = {isa = PBXBuildFile; fileRef = C9B06EB220546BDD0048952C /* CommentItemViewModel.swift */; };
		C9B06EB520577DFB0048952C /* CommentContainable.swift in Sources */ = {isa = PBXBuildFile; fileRef = C9B06EB420577DFB0048952C /* CommentContainable.swift */; };
		C9B06EB7206B2D350048952C /* CommentTableViewCell.swift in Sources */ = {isa = PBXBuildFile; fileRef = C9B06EB6206B2D350048952C /* CommentTableViewCell.swift */; };
		C9B06EBA206C91CF0048952C /* OptionsViewController.swift in Sources */ = {isa = PBXBuildFile; fileRef = C9B06EB9206C91CF0048952C /* OptionsViewController.swift */; };
		C9B06EBC206C93780048952C /* ArticleType.swift in Sources */ = {isa = PBXBuildFile; fileRef = C9B06EBB206C93780048952C /* ArticleType.swift */; };
		C9B06EBE206DCFD70048952C /* String+HTML.swift in Sources */ = {isa = PBXBuildFile; fileRef = C9B06EBD206DCFD60048952C /* String+HTML.swift */; };
		C9B06EC1206F160F0048952C /* FixedTextView.swift in Sources */ = {isa = PBXBuildFile; fileRef = C9B06EC0206F160F0048952C /* FixedTextView.swift */; };
		C9B17C4F20E09DB1005E52A9 /* terminus.ttf in Resources */ = {isa = PBXBuildFile; fileRef = C9B17C4E20E09DB0005E52A9 /* terminus.ttf */; };
		C9B83A3F21B48E60005BF0B7 /* stories_top.json in Resources */ = {isa = PBXBuildFile; fileRef = C9B83A3E21B48E60005BF0B7 /* stories_top.json */; };
		C9B83A4421B48EE7005BF0B7 /* item_18583722.json in Resources */ = {isa = PBXBuildFile; fileRef = C9B83A4321B48EE7005BF0B7 /* item_18583722.json */; };
		C9B83A4621B48F12005BF0B7 /* item_18582469.json in Resources */ = {isa = PBXBuildFile; fileRef = C9B83A4521B48F12005BF0B7 /* item_18582469.json */; };
		C9B83A4821B48F3E005BF0B7 /* item_18583915.json in Resources */ = {isa = PBXBuildFile; fileRef = C9B83A4721B48F3E005BF0B7 /* item_18583915.json */; };
		C9B83A4F21BA3621005BF0B7 /* CommentsTests.swift in Sources */ = {isa = PBXBuildFile; fileRef = C9B83A4E21BA3621005BF0B7 /* CommentsTests.swift */; };
		C9D82C6620EEFEE5002EFBCF /* Shareable.swift in Sources */ = {isa = PBXBuildFile; fileRef = C9D82C6520EEFEE5002EFBCF /* Shareable.swift */; };
		C9D9ADD422DBE958002655E4 /* Atributika.framework in Frameworks */ = {isa = PBXBuildFile; fileRef = C9D9ADD322DBE958002655E4 /* Atributika.framework */; };
		C9DAE81B204234FD003D6ADF /* ArticleContainerViewController.swift in Sources */ = {isa = PBXBuildFile; fileRef = C9DAE81A204234FD003D6ADF /* ArticleContainerViewController.swift */; };
		C9DAE81D204235DD003D6ADF /* CommentsViewController.swift in Sources */ = {isa = PBXBuildFile; fileRef = C9DAE81C204235DD003D6ADF /* CommentsViewController.swift */; };
		C9DAE81F204235E8003D6ADF /* WebViewController.swift in Sources */ = {isa = PBXBuildFile; fileRef = C9DAE81E204235E8003D6ADF /* WebViewController.swift */; };
		C9E0200F2086F20800E80516 /* DataHelper.swift in Sources */ = {isa = PBXBuildFile; fileRef = C9E0200E2086F20800E80516 /* DataHelper.swift */; };
		C9E02011208970C900E80516 /* CommentTests.swift in Sources */ = {isa = PBXBuildFile; fileRef = C9E02010208970C900E80516 /* CommentTests.swift */; };
		C9E02015208974AF00E80516 /* ArticleViewModelTests.swift in Sources */ = {isa = PBXBuildFile; fileRef = C9E02014208974AF00E80516 /* ArticleViewModelTests.swift */; };
		C9E02019208C296200E80516 /* MockDate.swift in Sources */ = {isa = PBXBuildFile; fileRef = C9E02018208C296200E80516 /* MockDate.swift */; };
		C9E0201B208ED25E00E80516 /* CommentItemViewModelTests.swift in Sources */ = {isa = PBXBuildFile; fileRef = C9E0201A208ED25E00E80516 /* CommentItemViewModelTests.swift */; };
		C9E0201D2090181B00E80516 /* Date+DisplayString.swift in Sources */ = {isa = PBXBuildFile; fileRef = C9E0201C2090181B00E80516 /* Date+DisplayString.swift */; };
		C9E020202090191600E80516 /* DateExtensionTests.swift in Sources */ = {isa = PBXBuildFile; fileRef = C9E0201F2090191600E80516 /* DateExtensionTests.swift */; };
		C9E02024209AB32C00E80516 /* WebViewModelTests.swift in Sources */ = {isa = PBXBuildFile; fileRef = C9E02023209AB32C00E80516 /* WebViewModelTests.swift */; };
		C9E468052120D8D700F4E1C0 /* GoogleService-Info.plist in Resources */ = {isa = PBXBuildFile; fileRef = C9E468042120D8D700F4E1C0 /* GoogleService-Info.plist */; };
		C9F3DA76207DA890009B4C2E /* HackerNewsItemType.swift in Sources */ = {isa = PBXBuildFile; fileRef = C9F3DA75207DA890009B4C2E /* HackerNewsItemType.swift */; };
		C9F3DA78208056F9009B4C2E /* AttributedLabel+htmlText.swift in Sources */ = {isa = PBXBuildFile; fileRef = C9F3DA77208056F9009B4C2E /* AttributedLabel+htmlText.swift */; };
		C9F7CE2920CF741F00E53723 /* ColorChangeable.swift in Sources */ = {isa = PBXBuildFile; fileRef = C9F7CE2820CF741F00E53723 /* ColorChangeable.swift */; };
		C9F7CE2B20CF765500E53723 /* ColorScheme.swift in Sources */ = {isa = PBXBuildFile; fileRef = C9F7CE2A20CF765500E53723 /* ColorScheme.swift */; };
		C9F7CE2D20D4BF2000E53723 /* SettingsCache.swift in Sources */ = {isa = PBXBuildFile; fileRef = C9F7CE2C20D4BF2000E53723 /* SettingsCache.swift */; };
		C9FD287C22C595AC00CA0F58 /* CommentHeaderTableViewCell.swift in Sources */ = {isa = PBXBuildFile; fileRef = C9FD287A22C595AC00CA0F58 /* CommentHeaderTableViewCell.swift */; };
		C9FD287D22C595AC00CA0F58 /* CommentHeaderTableViewCell.xib in Resources */ = {isa = PBXBuildFile; fileRef = C9FD287B22C595AC00CA0F58 /* CommentHeaderTableViewCell.xib */; };
		C9FD287F22C5C26900CA0F58 /* CommentSection.swift in Sources */ = {isa = PBXBuildFile; fileRef = C9FD287E22C5C26900CA0F58 /* CommentSection.swift */; };
		C9FD288122CE8E7000CA0F58 /* ArticleViewAction.swift in Sources */ = {isa = PBXBuildFile; fileRef = C9FD288022CE8E7000CA0F58 /* ArticleViewAction.swift */; };
		C9FD288422D835D800CA0F58 /* EmptyCommentsTableViewCell.swift in Sources */ = {isa = PBXBuildFile; fileRef = C9FD288222D835D800CA0F58 /* EmptyCommentsTableViewCell.swift */; };
		C9FD288522D835D800CA0F58 /* EmptyCommentsTableViewCell.xib in Resources */ = {isa = PBXBuildFile; fileRef = C9FD288322D835D800CA0F58 /* EmptyCommentsTableViewCell.xib */; };
/* End PBXBuildFile section */

/* Begin PBXContainerItemProxy section */
		C950C201201553EE00917A44 /* PBXContainerItemProxy */ = {
			isa = PBXContainerItemProxy;
			containerPortal = C950C1DF201553EE00917A44 /* Project object */;
			proxyType = 1;
			remoteGlobalIDString = C950C1E6201553EE00917A44;
			remoteInfo = "Hacker News Zero";
		};
/* End PBXContainerItemProxy section */

/* Begin PBXFileReference section */
		C908EADB20280890007FC681 /* HackerNewsRepository.swift */ = {isa = PBXFileReference; lastKnownFileType = sourcecode.swift; path = HackerNewsRepository.swift; sourceTree = "<group>"; };
		C908EADD20280A00007FC681 /* ApiClient.swift */ = {isa = PBXFileReference; lastKnownFileType = sourcecode.swift; path = ApiClient.swift; sourceTree = "<group>"; };
		C908EAE020280AF6007FC681 /* ApiCache.swift */ = {isa = PBXFileReference; lastKnownFileType = sourcecode.swift; path = ApiCache.swift; sourceTree = "<group>"; };
		C90BBFFB20280F190014E498 /* ArticleListViewModel.swift */ = {isa = PBXFileReference; lastKnownFileType = sourcecode.swift; path = ArticleListViewModel.swift; sourceTree = "<group>"; };
		C90BBFFD20280F5D0014E498 /* ArticleViewModel.swift */ = {isa = PBXFileReference; lastKnownFileType = sourcecode.swift; path = ArticleViewModel.swift; sourceTree = "<group>"; };
		C90BC001202964740014E498 /* ArticleTableViewCell.swift */ = {isa = PBXFileReference; lastKnownFileType = sourcecode.swift; path = ArticleTableViewCell.swift; sourceTree = "<group>"; };
		C90BC003202D563A0014E498 /* MainNavigationSplitViewDelegate.swift */ = {isa = PBXFileReference; lastKnownFileType = sourcecode.swift; path = MainNavigationSplitViewDelegate.swift; sourceTree = "<group>"; };
		C90BC00B20329F700014E498 /* Endpoint.swift */ = {isa = PBXFileReference; lastKnownFileType = sourcecode.swift; path = Endpoint.swift; sourceTree = "<group>"; };
		C92BCEB622DC090600835345 /* Alamofire.framework */ = {isa = PBXFileReference; lastKnownFileType = wrapper.framework; name = Alamofire.framework; path = Carthage/Build/iOS/Alamofire.framework; sourceTree = "<group>"; };
		C92BCEDC22DC0CB100835345 /* libsqlite3.0.tbd */ = {isa = PBXFileReference; lastKnownFileType = "sourcecode.text-based-dylib-definition"; name = libsqlite3.0.tbd; path = usr/lib/libsqlite3.0.tbd; sourceTree = SDKROOT; };
		C92BCEDE22DC0CBF00835345 /* libc++.tbd */ = {isa = PBXFileReference; lastKnownFileType = "sourcecode.text-based-dylib-definition"; name = "libc++.tbd"; path = "usr/lib/libc++.tbd"; sourceTree = SDKROOT; };
		C92BCEE022DC0D0500835345 /* StoreKit.framework */ = {isa = PBXFileReference; lastKnownFileType = wrapper.framework; name = StoreKit.framework; path = System/Library/Frameworks/StoreKit.framework; sourceTree = SDKROOT; };
		C92BCEE222DC100300835345 /* AlamofireNetworkActivityLogger.framework */ = {isa = PBXFileReference; lastKnownFileType = wrapper.framework; name = AlamofireNetworkActivityLogger.framework; path = Carthage/Build/iOS/AlamofireNetworkActivityLogger.framework; sourceTree = "<group>"; };
		C92BCEE422DC105000835345 /* FirebaseCore.framework */ = {isa = PBXFileReference; lastKnownFileType = wrapper.framework; name = FirebaseCore.framework; path = Carthage/Build/iOS/FirebaseCore.framework; sourceTree = "<group>"; };
		C92BCEE522DC105100835345 /* FirebaseCoreDiagnostics.framework */ = {isa = PBXFileReference; lastKnownFileType = wrapper.framework; name = FirebaseCoreDiagnostics.framework; path = Carthage/Build/iOS/FirebaseCoreDiagnostics.framework; sourceTree = "<group>"; };
		C92BCEE622DC105100835345 /* GoogleUtilities.framework */ = {isa = PBXFileReference; lastKnownFileType = wrapper.framework; name = GoogleUtilities.framework; path = Carthage/Build/iOS/GoogleUtilities.framework; sourceTree = "<group>"; };
		C92BCEE722DC105100835345 /* FirebaseInstanceID.framework */ = {isa = PBXFileReference; lastKnownFileType = wrapper.framework; name = FirebaseInstanceID.framework; path = Carthage/Build/iOS/FirebaseInstanceID.framework; sourceTree = "<group>"; };
		C92BCEE822DC105100835345 /* GoogleAppMeasurement.framework */ = {isa = PBXFileReference; lastKnownFileType = wrapper.framework; name = GoogleAppMeasurement.framework; path = Carthage/Build/iOS/GoogleAppMeasurement.framework; sourceTree = "<group>"; };
		C92BCEE922DC105100835345 /* Firebase.framework */ = {isa = PBXFileReference; lastKnownFileType = wrapper.framework; name = Firebase.framework; path = Carthage/Build/iOS/Firebase.framework; sourceTree = "<group>"; };
		C92BCEEA22DC105100835345 /* FirebaseAnalytics.framework */ = {isa = PBXFileReference; lastKnownFileType = wrapper.framework; name = FirebaseAnalytics.framework; path = Carthage/Build/iOS/FirebaseAnalytics.framework; sourceTree = "<group>"; };
		C92BCEEB22DC105100835345 /* FIRAnalyticsConnector.framework */ = {isa = PBXFileReference; lastKnownFileType = wrapper.framework; name = FIRAnalyticsConnector.framework; path = Carthage/Build/iOS/FIRAnalyticsConnector.framework; sourceTree = "<group>"; };
		C92BCEF422DC105E00835345 /* nanopb.framework */ = {isa = PBXFileReference; lastKnownFileType = wrapper.framework; name = nanopb.framework; path = Carthage/Build/iOS/nanopb.framework; sourceTree = "<group>"; };
		C92BCEF622DC15B600835345 /* Crashlytics.framework */ = {isa = PBXFileReference; lastKnownFileType = wrapper.framework; name = Crashlytics.framework; path = Carthage/Build/iOS/Crashlytics.framework; sourceTree = "<group>"; };
		C92BCEF822DC15BE00835345 /* Fabric.framework */ = {isa = PBXFileReference; lastKnownFileType = wrapper.framework; name = Fabric.framework; path = Carthage/Build/iOS/Fabric.framework; sourceTree = "<group>"; };
		C92BCEFB22DC166500835345 /* Cartfile */ = {isa = PBXFileReference; lastKnownFileType = text; path = Cartfile; sourceTree = SOURCE_ROOT; };
		C92BCEFC22DC167A00835345 /* Cartfile.resolved */ = {isa = PBXFileReference; lastKnownFileType = text; path = Cartfile.resolved; sourceTree = SOURCE_ROOT; };
		C92BCEFD22DC168700835345 /* Crashlytics.json */ = {isa = PBXFileReference; lastKnownFileType = text.json; path = Crashlytics.json; sourceTree = SOURCE_ROOT; };
		C92BCEFE22DC169400835345 /* .gitignore */ = {isa = PBXFileReference; lastKnownFileType = text; path = .gitignore; sourceTree = SOURCE_ROOT; };
		C92C70EF21B2463C00A4219E /* .swiftlint.yml */ = {isa = PBXFileReference; fileEncoding = 4; lastKnownFileType = text; path = .swiftlint.yml; sourceTree = SOURCE_ROOT; };
		C92E18AA22DBD55800C57E9D /* RxAlamofire.framework */ = {isa = PBXFileReference; lastKnownFileType = wrapper.framework; name = RxAlamofire.framework; path = Carthage/Build/iOS/RxAlamofire.framework; sourceTree = "<group>"; };
		C92E18AB22DBD55800C57E9D /* RxSwift.framework */ = {isa = PBXFileReference; lastKnownFileType = wrapper.framework; name = RxSwift.framework; path = Carthage/Build/iOS/RxSwift.framework; sourceTree = "<group>"; };
		C92E18AC22DBD55800C57E9D /* RxBlocking.framework */ = {isa = PBXFileReference; lastKnownFileType = wrapper.framework; name = RxBlocking.framework; path = Carthage/Build/iOS/RxBlocking.framework; sourceTree = "<group>"; };
		C92E18AD22DBD55800C57E9D /* RxTest.framework */ = {isa = PBXFileReference; lastKnownFileType = wrapper.framework; name = RxTest.framework; path = Carthage/Build/iOS/RxTest.framework; sourceTree = "<group>"; };
		C92E18B122DBD55900C57E9D /* RxCocoa.framework */ = {isa = PBXFileReference; lastKnownFileType = wrapper.framework; name = RxCocoa.framework; path = Carthage/Build/iOS/RxCocoa.framework; sourceTree = "<group>"; };
		C92E18B422DBD55900C57E9D /* Kingfisher.framework */ = {isa = PBXFileReference; lastKnownFileType = wrapper.framework; name = Kingfisher.framework; path = Carthage/Build/iOS/Kingfisher.framework; sourceTree = "<group>"; };
		C92E18B622DBD55900C57E9D /* RxRelay.framework */ = {isa = PBXFileReference; lastKnownFileType = wrapper.framework; name = RxRelay.framework; path = Carthage/Build/iOS/RxRelay.framework; sourceTree = "<group>"; };
		C92E18CA22DBD5D600C57E9D /* input.xcfilelist */ = {isa = PBXFileReference; lastKnownFileType = text.xcfilelist; path = input.xcfilelist; sourceTree = SOURCE_ROOT; };
		C92E18CB22DBD5D600C57E9D /* output.xcfilelist */ = {isa = PBXFileReference; lastKnownFileType = text.xcfilelist; path = output.xcfilelist; sourceTree = SOURCE_ROOT; };
		C93708E82086C607008926D5 /* ArticleTests.swift */ = {isa = PBXFileReference; lastKnownFileType = sourcecode.swift; path = ArticleTests.swift; sourceTree = "<group>"; };
		C93708EE2086C795008926D5 /* Article-Ask.json */ = {isa = PBXFileReference; fileEncoding = 4; lastKnownFileType = text.json; path = "Article-Ask.json"; sourceTree = "<group>"; };
		C93708EF2086C795008926D5 /* Comment.json */ = {isa = PBXFileReference; fileEncoding = 4; lastKnownFileType = text.json; path = Comment.json; sourceTree = "<group>"; };
		C93708F02086C795008926D5 /* Article-Job.json */ = {isa = PBXFileReference; fileEncoding = 4; lastKnownFileType = text.json; path = "Article-Job.json"; sourceTree = "<group>"; };
		C93708F12086C795008926D5 /* Article-Story.json */ = {isa = PBXFileReference; fileEncoding = 4; lastKnownFileType = text.json; path = "Article-Story.json"; sourceTree = "<group>"; };
		C93708F92086E826008926D5 /* ArticleList.json */ = {isa = PBXFileReference; lastKnownFileType = text.json; path = ArticleList.json; sourceTree = "<group>"; };
		C950C1E7201553EE00917A44 /* Hacker News Zero.app */ = {isa = PBXFileReference; explicitFileType = wrapper.application; includeInIndex = 0; path = "Hacker News Zero.app"; sourceTree = BUILT_PRODUCTS_DIR; };
		C950C1EA201553EE00917A44 /* AppDelegate.swift */ = {isa = PBXFileReference; lastKnownFileType = sourcecode.swift; path = AppDelegate.swift; sourceTree = "<group>"; };
		C950C1EF201553EE00917A44 /* ArticleViewController.swift */ = {isa = PBXFileReference; lastKnownFileType = sourcecode.swift; path = ArticleViewController.swift; sourceTree = "<group>"; };
		C950C1F4201553EE00917A44 /* Base */ = {isa = PBXFileReference; lastKnownFileType = file.storyboard; name = Base; path = Base.lproj/Main.storyboard; sourceTree = "<group>"; };
		C950C1F6201553EE00917A44 /* Assets.xcassets */ = {isa = PBXFileReference; lastKnownFileType = folder.assetcatalog; path = Assets.xcassets; sourceTree = "<group>"; };
		C950C1F9201553EE00917A44 /* Base */ = {isa = PBXFileReference; lastKnownFileType = file.storyboard; name = Base; path = Base.lproj/LaunchScreen.storyboard; sourceTree = "<group>"; };
		C950C1FB201553EE00917A44 /* Info.plist */ = {isa = PBXFileReference; lastKnownFileType = text.plist.xml; path = Info.plist; sourceTree = "<group>"; };
		C950C200201553EE00917A44 /* Hacker News ZeroTests.xctest */ = {isa = PBXFileReference; explicitFileType = wrapper.cfbundle; includeInIndex = 0; path = "Hacker News ZeroTests.xctest"; sourceTree = BUILT_PRODUCTS_DIR; };
		C950C206201553EE00917A44 /* Info.plist */ = {isa = PBXFileReference; lastKnownFileType = text.plist.xml; path = Info.plist; sourceTree = "<group>"; };
		C950C214201ADB8300917A44 /* HackerNewsApiClient.swift */ = {isa = PBXFileReference; lastKnownFileType = sourcecode.swift; path = HackerNewsApiClient.swift; sourceTree = "<group>"; };
		C950C216201AE50E00917A44 /* Article.swift */ = {isa = PBXFileReference; lastKnownFileType = sourcecode.swift; path = Article.swift; sourceTree = "<group>"; };
		C96135E42077102B00812AF3 /* MainViewController.swift */ = {isa = PBXFileReference; lastKnownFileType = sourcecode.swift; path = MainViewController.swift; sourceTree = "<group>"; };
		C96135E9207C614C00812AF3 /* AppConstants.swift */ = {isa = PBXFileReference; lastKnownFileType = sourcecode.swift; path = AppConstants.swift; sourceTree = "<group>"; };
		C963F47521AE25FA0078D697 /* ArticleListTests.swift */ = {isa = PBXFileReference; lastKnownFileType = sourcecode.swift; path = ArticleListTests.swift; sourceTree = "<group>"; };
		C969BEAA20F592B600DDD0D0 /* UIDevice+iPad.swift */ = {isa = PBXFileReference; lastKnownFileType = sourcecode.swift; path = "UIDevice+iPad.swift"; sourceTree = "<group>"; };
		C975149E20ED749600E7C2F1 /* BottomBarHideable.swift */ = {isa = PBXFileReference; lastKnownFileType = sourcecode.swift; path = BottomBarHideable.swift; sourceTree = "<group>"; };
		C97F1A5020F151E400899E45 /* UIRefreshControl+RefreshHack.swift */ = {isa = PBXFileReference; lastKnownFileType = sourcecode.swift; path = "UIRefreshControl+RefreshHack.swift"; sourceTree = "<group>"; };
		C98AB983204508F700FB8ECD /* AppNavigator.swift */ = {isa = PBXFileReference; lastKnownFileType = sourcecode.swift; path = AppNavigator.swift; sourceTree = "<group>"; };
		C98AB98520465DA400FB8ECD /* ArticleViewable.swift */ = {isa = PBXFileReference; lastKnownFileType = sourcecode.swift; path = ArticleViewable.swift; sourceTree = "<group>"; };
		C9A430C22123BF01003318C6 /* LoadingSpinnerCell.swift */ = {isa = PBXFileReference; lastKnownFileType = sourcecode.swift; path = LoadingSpinnerCell.swift; sourceTree = "<group>"; };
		C9AEF04B21B309C4004796BD /* LICENSE */ = {isa = PBXFileReference; fileEncoding = 4; lastKnownFileType = text; path = LICENSE; sourceTree = SOURCE_ROOT; };
		C9AEF04D21B30A44004796BD /* README.md */ = {isa = PBXFileReference; fileEncoding = 4; lastKnownFileType = net.daringfireball.markdown; path = README.md; sourceTree = SOURCE_ROOT; };
		C9AEF04F21B30C84004796BD /* MockApiClient.swift */ = {isa = PBXFileReference; lastKnownFileType = sourcecode.swift; path = MockApiClient.swift; sourceTree = "<group>"; };
		C9AEF05321B3A7B9004796BD /* Endpoint+Test.swift */ = {isa = PBXFileReference; lastKnownFileType = sourcecode.swift; path = "Endpoint+Test.swift"; sourceTree = "<group>"; };
		C9B06EA42048CB4B0048952C /* UITableView+FlexibleHeader.swift */ = {isa = PBXFileReference; lastKnownFileType = sourcecode.swift; path = "UITableView+FlexibleHeader.swift"; sourceTree = "<group>"; };
		C9B06EA6204CEF670048952C /* ComentsViewModel.swift */ = {isa = PBXFileReference; lastKnownFileType = sourcecode.swift; path = ComentsViewModel.swift; sourceTree = "<group>"; };
		C9B06EA8204CF0DA0048952C /* String+Localized.swift */ = {isa = PBXFileReference; lastKnownFileType = sourcecode.swift; path = "String+Localized.swift"; sourceTree = "<group>"; };
		C9B06EAB204CF67F0048952C /* WebViewModel.swift */ = {isa = PBXFileReference; lastKnownFileType = sourcecode.swift; path = WebViewModel.swift; sourceTree = "<group>"; };
		C9B06EAD205390D50048952C /* Comment.swift */ = {isa = PBXFileReference; lastKnownFileType = sourcecode.swift; path = Comment.swift; sourceTree = "<group>"; };
		C9B06EB020539C400048952C /* NetworkError.swift */ = {isa = PBXFileReference; lastKnownFileType = sourcecode.swift; path = NetworkError.swift; sourceTree = "<group>"; };
		C9B06EB220546BDD0048952C /* CommentItemViewModel.swift */ = {isa = PBXFileReference; lastKnownFileType = sourcecode.swift; path = CommentItemViewModel.swift; sourceTree = "<group>"; };
		C9B06EB420577DFB0048952C /* CommentContainable.swift */ = {isa = PBXFileReference; lastKnownFileType = sourcecode.swift; path = CommentContainable.swift; sourceTree = "<group>"; };
		C9B06EB6206B2D350048952C /* CommentTableViewCell.swift */ = {isa = PBXFileReference; lastKnownFileType = sourcecode.swift; path = CommentTableViewCell.swift; sourceTree = "<group>"; };
		C9B06EB9206C91CF0048952C /* OptionsViewController.swift */ = {isa = PBXFileReference; lastKnownFileType = sourcecode.swift; path = OptionsViewController.swift; sourceTree = "<group>"; };
		C9B06EBB206C93780048952C /* ArticleType.swift */ = {isa = PBXFileReference; lastKnownFileType = sourcecode.swift; path = ArticleType.swift; sourceTree = "<group>"; };
		C9B06EBD206DCFD60048952C /* String+HTML.swift */ = {isa = PBXFileReference; lastKnownFileType = sourcecode.swift; path = "String+HTML.swift"; sourceTree = "<group>"; };
		C9B06EC0206F160F0048952C /* FixedTextView.swift */ = {isa = PBXFileReference; lastKnownFileType = sourcecode.swift; path = FixedTextView.swift; sourceTree = "<group>"; };
		C9B17C4E20E09DB0005E52A9 /* terminus.ttf */ = {isa = PBXFileReference; lastKnownFileType = file; path = terminus.ttf; sourceTree = "<group>"; };
		C9B83A3E21B48E60005BF0B7 /* stories_top.json */ = {isa = PBXFileReference; lastKnownFileType = text.json; path = stories_top.json; sourceTree = "<group>"; };
		C9B83A4321B48EE7005BF0B7 /* item_18583722.json */ = {isa = PBXFileReference; lastKnownFileType = text.json; path = item_18583722.json; sourceTree = "<group>"; };
		C9B83A4521B48F12005BF0B7 /* item_18582469.json */ = {isa = PBXFileReference; lastKnownFileType = text.json; path = item_18582469.json; sourceTree = "<group>"; };
		C9B83A4721B48F3E005BF0B7 /* item_18583915.json */ = {isa = PBXFileReference; lastKnownFileType = text.json; path = item_18583915.json; sourceTree = "<group>"; };
		C9B83A4E21BA3621005BF0B7 /* CommentsTests.swift */ = {isa = PBXFileReference; lastKnownFileType = sourcecode.swift; path = CommentsTests.swift; sourceTree = "<group>"; };
		C9D82C6520EEFEE5002EFBCF /* Shareable.swift */ = {isa = PBXFileReference; lastKnownFileType = sourcecode.swift; path = Shareable.swift; sourceTree = "<group>"; };
		C9D9ADD322DBE958002655E4 /* Atributika.framework */ = {isa = PBXFileReference; lastKnownFileType = wrapper.framework; name = Atributika.framework; path = Carthage/Build/iOS/Atributika.framework; sourceTree = "<group>"; };
		C9D9ADD522DBE95C002655E4 /* AlamofireNetworkActivityIndicator.framework */ = {isa = PBXFileReference; lastKnownFileType = wrapper.framework; name = AlamofireNetworkActivityIndicator.framework; path = Carthage/Build/iOS/AlamofireNetworkActivityIndicator.framework; sourceTree = "<group>"; };
		C9DAE81A204234FD003D6ADF /* ArticleContainerViewController.swift */ = {isa = PBXFileReference; lastKnownFileType = sourcecode.swift; path = ArticleContainerViewController.swift; sourceTree = "<group>"; };
		C9DAE81C204235DD003D6ADF /* CommentsViewController.swift */ = {isa = PBXFileReference; lastKnownFileType = sourcecode.swift; path = CommentsViewController.swift; sourceTree = "<group>"; };
		C9DAE81E204235E8003D6ADF /* WebViewController.swift */ = {isa = PBXFileReference; lastKnownFileType = sourcecode.swift; path = WebViewController.swift; sourceTree = "<group>"; };
		C9E0200E2086F20800E80516 /* DataHelper.swift */ = {isa = PBXFileReference; lastKnownFileType = sourcecode.swift; path = DataHelper.swift; sourceTree = "<group>"; };
		C9E02010208970C900E80516 /* CommentTests.swift */ = {isa = PBXFileReference; lastKnownFileType = sourcecode.swift; path = CommentTests.swift; sourceTree = "<group>"; };
		C9E02014208974AF00E80516 /* ArticleViewModelTests.swift */ = {isa = PBXFileReference; lastKnownFileType = sourcecode.swift; path = ArticleViewModelTests.swift; sourceTree = "<group>"; };
		C9E02018208C296200E80516 /* MockDate.swift */ = {isa = PBXFileReference; lastKnownFileType = sourcecode.swift; path = MockDate.swift; sourceTree = "<group>"; };
		C9E0201A208ED25E00E80516 /* CommentItemViewModelTests.swift */ = {isa = PBXFileReference; lastKnownFileType = sourcecode.swift; path = CommentItemViewModelTests.swift; sourceTree = "<group>"; };
		C9E0201C2090181B00E80516 /* Date+DisplayString.swift */ = {isa = PBXFileReference; lastKnownFileType = sourcecode.swift; path = "Date+DisplayString.swift"; sourceTree = "<group>"; };
		C9E0201F2090191600E80516 /* DateExtensionTests.swift */ = {isa = PBXFileReference; lastKnownFileType = sourcecode.swift; path = DateExtensionTests.swift; sourceTree = "<group>"; };
		C9E02023209AB32C00E80516 /* WebViewModelTests.swift */ = {isa = PBXFileReference; lastKnownFileType = sourcecode.swift; path = WebViewModelTests.swift; sourceTree = "<group>"; };
		C9E468042120D8D700F4E1C0 /* GoogleService-Info.plist */ = {isa = PBXFileReference; fileEncoding = 4; lastKnownFileType = text.plist.xml; name = "GoogleService-Info.plist"; path = "../../../../../../Downloads/GoogleService-Info.plist"; sourceTree = "<group>"; };
		C9F3DA75207DA890009B4C2E /* HackerNewsItemType.swift */ = {isa = PBXFileReference; lastKnownFileType = sourcecode.swift; path = HackerNewsItemType.swift; sourceTree = "<group>"; };
		C9F3DA77208056F9009B4C2E /* AttributedLabel+htmlText.swift */ = {isa = PBXFileReference; lastKnownFileType = sourcecode.swift; path = "AttributedLabel+htmlText.swift"; sourceTree = "<group>"; };
		C9F7CE2820CF741F00E53723 /* ColorChangeable.swift */ = {isa = PBXFileReference; lastKnownFileType = sourcecode.swift; path = ColorChangeable.swift; sourceTree = "<group>"; };
		C9F7CE2A20CF765500E53723 /* ColorScheme.swift */ = {isa = PBXFileReference; lastKnownFileType = sourcecode.swift; path = ColorScheme.swift; sourceTree = "<group>"; };
		C9F7CE2C20D4BF2000E53723 /* SettingsCache.swift */ = {isa = PBXFileReference; lastKnownFileType = sourcecode.swift; path = SettingsCache.swift; sourceTree = "<group>"; };
		C9FD287A22C595AC00CA0F58 /* CommentHeaderTableViewCell.swift */ = {isa = PBXFileReference; lastKnownFileType = sourcecode.swift; path = CommentHeaderTableViewCell.swift; sourceTree = "<group>"; };
		C9FD287B22C595AC00CA0F58 /* CommentHeaderTableViewCell.xib */ = {isa = PBXFileReference; lastKnownFileType = file.xib; path = CommentHeaderTableViewCell.xib; sourceTree = "<group>"; };
		C9FD287E22C5C26900CA0F58 /* CommentSection.swift */ = {isa = PBXFileReference; lastKnownFileType = sourcecode.swift; path = CommentSection.swift; sourceTree = "<group>"; };
		C9FD288022CE8E7000CA0F58 /* ArticleViewAction.swift */ = {isa = PBXFileReference; lastKnownFileType = sourcecode.swift; path = ArticleViewAction.swift; sourceTree = "<group>"; };
		C9FD288222D835D800CA0F58 /* EmptyCommentsTableViewCell.swift */ = {isa = PBXFileReference; lastKnownFileType = sourcecode.swift; path = EmptyCommentsTableViewCell.swift; sourceTree = "<group>"; };
		C9FD288322D835D800CA0F58 /* EmptyCommentsTableViewCell.xib */ = {isa = PBXFileReference; lastKnownFileType = file.xib; path = EmptyCommentsTableViewCell.xib; sourceTree = "<group>"; };
/* End PBXFileReference section */

/* Begin PBXFrameworksBuildPhase section */
		C950C1E4201553EE00917A44 /* Frameworks */ = {
			isa = PBXFrameworksBuildPhase;
			buildActionMask = 2147483647;
			files = (
				C92BCEE122DC0D0500835345 /* StoreKit.framework in Frameworks */,
				C92BCEDF22DC0CC000835345 /* libc++.tbd in Frameworks */,
				C92BCEDD22DC0CB100835345 /* libsqlite3.0.tbd in Frameworks */,
				C92E18B922DBD55900C57E9D /* RxAlamofire.framework in Frameworks */,
				C92BCEE322DC100300835345 /* AlamofireNetworkActivityLogger.framework in Frameworks */,
				C92E18BA22DBD55900C57E9D /* RxSwift.framework in Frameworks */,
				C92BCEB722DC090600835345 /* Alamofire.framework in Frameworks */,
				C92BCEEC22DC105100835345 /* FirebaseCore.framework in Frameworks */,
				C92BCEF722DC15B600835345 /* Crashlytics.framework in Frameworks */,
				C92BCEF522DC105E00835345 /* nanopb.framework in Frameworks */,
				C92BCEED22DC105100835345 /* FirebaseCoreDiagnostics.framework in Frameworks */,
				C92BCEF922DC15BE00835345 /* Fabric.framework in Frameworks */,
				C92BCEEE22DC105100835345 /* GoogleUtilities.framework in Frameworks */,
				C92BCEEF22DC105100835345 /* FirebaseInstanceID.framework in Frameworks */,
				C92BCEF022DC105100835345 /* GoogleAppMeasurement.framework in Frameworks */,
				C92BCEF222DC105100835345 /* FirebaseAnalytics.framework in Frameworks */,
				C92BCEF322DC105100835345 /* FIRAnalyticsConnector.framework in Frameworks */,
				C9D9ADD422DBE958002655E4 /* Atributika.framework in Frameworks */,
				C92E18C022DBD55900C57E9D /* RxCocoa.framework in Frameworks */,
				C92E18C322DBD55900C57E9D /* Kingfisher.framework in Frameworks */,
				C92E18C522DBD55900C57E9D /* RxRelay.framework in Frameworks */,
			);
			runOnlyForDeploymentPostprocessing = 0;
		};
		C950C1FD201553EE00917A44 /* Frameworks */ = {
			isa = PBXFrameworksBuildPhase;
			buildActionMask = 2147483647;
			files = (
			);
			runOnlyForDeploymentPostprocessing = 0;
		};
/* End PBXFrameworksBuildPhase section */

/* Begin PBXGroup section */
		4486499DE5867D85C52332D4 /* Frameworks */ = {
			isa = PBXGroup;
			children = (
				C92BCEF822DC15BE00835345 /* Fabric.framework */,
				C92BCEF622DC15B600835345 /* Crashlytics.framework */,
				C92BCEF422DC105E00835345 /* nanopb.framework */,
				C92BCEEB22DC105100835345 /* FIRAnalyticsConnector.framework */,
				C92BCEE922DC105100835345 /* Firebase.framework */,
				C92BCEEA22DC105100835345 /* FirebaseAnalytics.framework */,
				C92BCEE422DC105000835345 /* FirebaseCore.framework */,
				C92BCEE522DC105100835345 /* FirebaseCoreDiagnostics.framework */,
				C92BCEE722DC105100835345 /* FirebaseInstanceID.framework */,
				C92BCEE822DC105100835345 /* GoogleAppMeasurement.framework */,
				C92BCEE622DC105100835345 /* GoogleUtilities.framework */,
				C92BCEE222DC100300835345 /* AlamofireNetworkActivityLogger.framework */,
				C92BCEE022DC0D0500835345 /* StoreKit.framework */,
				C92BCEDE22DC0CBF00835345 /* libc++.tbd */,
				C92BCEDC22DC0CB100835345 /* libsqlite3.0.tbd */,
				C92BCEB622DC090600835345 /* Alamofire.framework */,
				C9D9ADD522DBE95C002655E4 /* AlamofireNetworkActivityIndicator.framework */,
				C9D9ADD322DBE958002655E4 /* Atributika.framework */,
				C92E18B422DBD55900C57E9D /* Kingfisher.framework */,
				C92E18AA22DBD55800C57E9D /* RxAlamofire.framework */,
				C92E18AC22DBD55800C57E9D /* RxBlocking.framework */,
				C92E18B122DBD55900C57E9D /* RxCocoa.framework */,
				C92E18B622DBD55900C57E9D /* RxRelay.framework */,
				C92E18AB22DBD55800C57E9D /* RxSwift.framework */,
				C92E18AD22DBD55800C57E9D /* RxTest.framework */,
			);
			name = Frameworks;
			sourceTree = "<group>";
		};
		C908EADA2028085C007FC681 /* Repository */ = {
			isa = PBXGroup;
			children = (
				C908EADF20280A9A007FC681 /* Cache */,
				C950C212201ADA4100917A44 /* Network */,
				C908EADB20280890007FC681 /* HackerNewsRepository.swift */,
			);
			path = Repository;
			sourceTree = "<group>";
		};
		C908EADF20280A9A007FC681 /* Cache */ = {
			isa = PBXGroup;
			children = (
				C908EAE020280AF6007FC681 /* ApiCache.swift */,
				C9F7CE2C20D4BF2000E53723 /* SettingsCache.swift */,
			);
			path = Cache;
			sourceTree = "<group>";
		};
		C92E18C922DBD5BD00C57E9D /* Carthage */ = {
			isa = PBXGroup;
			children = (
				C92BCEFD22DC168700835345 /* Crashlytics.json */,
				C92BCEFB22DC166500835345 /* Cartfile */,
				C92BCEFC22DC167A00835345 /* Cartfile.resolved */,
				C92E18CA22DBD5D600C57E9D /* input.xcfilelist */,
				C92E18CB22DBD5D600C57E9D /* output.xcfilelist */,
			);
			path = Carthage;
			sourceTree = "<group>";
		};
		C93708E52086C5DC008926D5 /* ViewModel */ = {
			isa = PBXGroup;
			children = (
				C9E02014208974AF00E80516 /* ArticleViewModelTests.swift */,
				C9E0201A208ED25E00E80516 /* CommentItemViewModelTests.swift */,
				C9E02023209AB32C00E80516 /* WebViewModelTests.swift */,
			);
			path = ViewModel;
			sourceTree = "<group>";
		};
		C93708E62086C5E7008926D5 /* Repository */ = {
			isa = PBXGroup;
			children = (
			);
			path = Repository;
			sourceTree = "<group>";
		};
		C93708E72086C5EC008926D5 /* Model */ = {
			isa = PBXGroup;
			children = (
				C93708E82086C607008926D5 /* ArticleTests.swift */,
				C9E02010208970C900E80516 /* CommentTests.swift */,
			);
			path = Model;
			sourceTree = "<group>";
		};
		C93708EA2086C623008926D5 /* Supporting Files */ = {
			isa = PBXGroup;
			children = (
				C950C206201553EE00917A44 /* Info.plist */,
				C93708EB2086C630008926D5 /* Test JSON */,
				C9E0200E2086F20800E80516 /* DataHelper.swift */,
				C9AEF05321B3A7B9004796BD /* Endpoint+Test.swift */,
			);
			path = "Supporting Files";
			sourceTree = "<group>";
		};
		C93708EB2086C630008926D5 /* Test JSON */ = {
			isa = PBXGroup;
			children = (
				C9B83A4221B48E9E005BF0B7 /* Article */,
				C9B83A3D21B48E3C005BF0B7 /* Story List */,
				C93708EE2086C795008926D5 /* Article-Ask.json */,
				C93708F02086C795008926D5 /* Article-Job.json */,
				C93708F12086C795008926D5 /* Article-Story.json */,
				C93708F92086E826008926D5 /* ArticleList.json */,
				C93708EF2086C795008926D5 /* Comment.json */,
			);
			path = "Test JSON";
			sourceTree = "<group>";
		};
		C93708F62086C844008926D5 /* Mocks */ = {
			isa = PBXGroup;
			children = (
				C9AEF04F21B30C84004796BD /* MockApiClient.swift */,
				C9E02018208C296200E80516 /* MockDate.swift */,
			);
			path = Mocks;
			sourceTree = "<group>";
		};
		C950C1DE201553EE00917A44 = {
			isa = PBXGroup;
			children = (
				4486499DE5867D85C52332D4 /* Frameworks */,
				C950C1E9201553EE00917A44 /* Hacker News Zero */,
				C950C203201553EE00917A44 /* Hacker News ZeroTests */,
				C950C1E8201553EE00917A44 /* Products */,
			);
			sourceTree = "<group>";
		};
		C950C1E8201553EE00917A44 /* Products */ = {
			isa = PBXGroup;
			children = (
				C950C1E7201553EE00917A44 /* Hacker News Zero.app */,
				C950C200201553EE00917A44 /* Hacker News ZeroTests.xctest */,
			);
			name = Products;
			sourceTree = "<group>";
		};
		C950C1E9201553EE00917A44 /* Hacker News Zero */ = {
			isa = PBXGroup;
			children = (
				C950C1EA201553EE00917A44 /* AppDelegate.swift */,
				C96135E6207C612C00812AF3 /* Constants */,
				C9B06EAF20539C310048952C /* Error */,
				C9B06EA32048CB330048952C /* Extensions */,
				C950C210201ADA2E00917A44 /* Model */,
				C9F3DA74207DA825009B4C2E /* Protocols */,
				C908EADA2028085C007FC681 /* Repository */,
				C950C213201ADA7500917A44 /* Resources */,
				C950C20F201AD9FA00917A44 /* View */,
				C950C211201ADA3A00917A44 /* ViewModel */,
			);
			path = "Hacker News Zero";
			sourceTree = "<group>";
		};
		C950C203201553EE00917A44 /* Hacker News ZeroTests */ = {
			isa = PBXGroup;
			children = (
				C9E0201E209018FB00E80516 /* Extensions */,
				C93708F62086C844008926D5 /* Mocks */,
				C93708E72086C5EC008926D5 /* Model */,
				C93708E62086C5E7008926D5 /* Repository */,
				C93708EA2086C623008926D5 /* Supporting Files */,
				C963F47421AE25DF0078D697 /* View Controller */,
				C93708E52086C5DC008926D5 /* ViewModel */,
			);
			path = "Hacker News ZeroTests";
			sourceTree = "<group>";
		};
		C950C20F201AD9FA00917A44 /* View */ = {
			isa = PBXGroup;
			children = (
				C9DAE82120426835003D6ADF /* Article Detail */,
				C9DAE8202042682B003D6ADF /* Article List */,
				C9B06EBF206F15FC0048952C /* Common */,
				C9DAE8222042683F003D6ADF /* Navigation */,
				C9B06EB8206C91B90048952C /* Options */,
			);
			path = View;
			sourceTree = "<group>";
		};
		C950C210201ADA2E00917A44 /* Model */ = {
			isa = PBXGroup;
			children = (
				C950C216201AE50E00917A44 /* Article.swift */,
				C9B06EAD205390D50048952C /* Comment.swift */,
				C9B06EBB206C93780048952C /* ArticleType.swift */,
				C9F7CE2A20CF765500E53723 /* ColorScheme.swift */,
			);
			path = Model;
			sourceTree = "<group>";
		};
		C950C211201ADA3A00917A44 /* ViewModel */ = {
			isa = PBXGroup;
			children = (
				C9B06EAA204CF66D0048952C /* Article Detail */,
				C9DAE8232042685C003D6ADF /* Article List */,
			);
			path = ViewModel;
			sourceTree = "<group>";
		};
		C950C212201ADA4100917A44 /* Network */ = {
			isa = PBXGroup;
			children = (
				C90BC00B20329F700014E498 /* Endpoint.swift */,
				C950C214201ADB8300917A44 /* HackerNewsApiClient.swift */,
				C908EADD20280A00007FC681 /* ApiClient.swift */,
			);
			path = Network;
			sourceTree = "<group>";
		};
		C950C213201ADA7500917A44 /* Resources */ = {
			isa = PBXGroup;
			children = (
				C92BCEFE22DC169400835345 /* .gitignore */,
				C92E18C922DBD5BD00C57E9D /* Carthage */,
				C9AEF04D21B30A44004796BD /* README.md */,
				C9AEF04B21B309C4004796BD /* LICENSE */,
				C92C70EF21B2463C00A4219E /* .swiftlint.yml */,
				C9E468042120D8D700F4E1C0 /* GoogleService-Info.plist */,
				C9B17C4E20E09DB0005E52A9 /* terminus.ttf */,
				C950C1FB201553EE00917A44 /* Info.plist */,
				C950C1F8201553EE00917A44 /* LaunchScreen.storyboard */,
				C950C1F3201553EE00917A44 /* Main.storyboard */,
				C950C1F6201553EE00917A44 /* Assets.xcassets */,
			);
			path = Resources;
			sourceTree = "<group>";
		};
		C96135E6207C612C00812AF3 /* Constants */ = {
			isa = PBXGroup;
			children = (
				C96135E9207C614C00812AF3 /* AppConstants.swift */,
			);
			path = Constants;
			sourceTree = "<group>";
		};
		C963F47421AE25DF0078D697 /* View Controller */ = {
			isa = PBXGroup;
			children = (
				C963F47521AE25FA0078D697 /* ArticleListTests.swift */,
				C9B83A4E21BA3621005BF0B7 /* CommentsTests.swift */,
			);
			path = "View Controller";
			sourceTree = "<group>";
		};
		C9B06EA32048CB330048952C /* Extensions */ = {
			isa = PBXGroup;
			children = (
				C9B06EA42048CB4B0048952C /* UITableView+FlexibleHeader.swift */,
				C9B06EA8204CF0DA0048952C /* String+Localized.swift */,
				C9B06EBD206DCFD60048952C /* String+HTML.swift */,
				C9F3DA77208056F9009B4C2E /* AttributedLabel+htmlText.swift */,
				C9E0201C2090181B00E80516 /* Date+DisplayString.swift */,
				C97F1A5020F151E400899E45 /* UIRefreshControl+RefreshHack.swift */,
				C969BEAA20F592B600DDD0D0 /* UIDevice+iPad.swift */,
			);
			path = Extensions;
			sourceTree = "<group>";
		};
		C9B06EAA204CF66D0048952C /* Article Detail */ = {
			isa = PBXGroup;
			children = (
				C9B06EA6204CEF670048952C /* ComentsViewModel.swift */,
				C9B06EAB204CF67F0048952C /* WebViewModel.swift */,
				C9B06EB220546BDD0048952C /* CommentItemViewModel.swift */,
			);
			path = "Article Detail";
			sourceTree = "<group>";
		};
		C9B06EAF20539C310048952C /* Error */ = {
			isa = PBXGroup;
			children = (
				C9B06EB020539C400048952C /* NetworkError.swift */,
			);
			path = Error;
			sourceTree = "<group>";
		};
		C9B06EB8206C91B90048952C /* Options */ = {
			isa = PBXGroup;
			children = (
				C9B06EB9206C91CF0048952C /* OptionsViewController.swift */,
			);
			path = Options;
			sourceTree = "<group>";
		};
		C9B06EBF206F15FC0048952C /* Common */ = {
			isa = PBXGroup;
			children = (
				C9B06EC0206F160F0048952C /* FixedTextView.swift */,
			);
			path = Common;
			sourceTree = "<group>";
		};
		C9B83A3D21B48E3C005BF0B7 /* Story List */ = {
			isa = PBXGroup;
			children = (
				C9B83A3E21B48E60005BF0B7 /* stories_top.json */,
			);
			path = "Story List";
			sourceTree = "<group>";
		};
		C9B83A4221B48E9E005BF0B7 /* Article */ = {
			isa = PBXGroup;
			children = (
				C9B83A4321B48EE7005BF0B7 /* item_18583722.json */,
				C9B83A4521B48F12005BF0B7 /* item_18582469.json */,
				C9B83A4721B48F3E005BF0B7 /* item_18583915.json */,
			);
			path = Article;
			sourceTree = "<group>";
		};
		C9DAE8202042682B003D6ADF /* Article List */ = {
			isa = PBXGroup;
			children = (
				C90BC001202964740014E498 /* ArticleTableViewCell.swift */,
				C950C1EF201553EE00917A44 /* ArticleViewController.swift */,
			);
			path = "Article List";
			sourceTree = "<group>";
		};
		C9DAE82120426835003D6ADF /* Article Detail */ = {
			isa = PBXGroup;
			children = (
				C9FD287922C594F700CA0F58 /* Comments */,
				C9DAE81A204234FD003D6ADF /* ArticleContainerViewController.swift */,
				C9A430C22123BF01003318C6 /* LoadingSpinnerCell.swift */,
				C9DAE81E204235E8003D6ADF /* WebViewController.swift */,
			);
			path = "Article Detail";
			sourceTree = "<group>";
		};
		C9DAE8222042683F003D6ADF /* Navigation */ = {
			isa = PBXGroup;
			children = (
				C90BC003202D563A0014E498 /* MainNavigationSplitViewDelegate.swift */,
				C98AB983204508F700FB8ECD /* AppNavigator.swift */,
				C96135E42077102B00812AF3 /* MainViewController.swift */,
			);
			path = Navigation;
			sourceTree = "<group>";
		};
		C9DAE8232042685C003D6ADF /* Article List */ = {
			isa = PBXGroup;
			children = (
				C90BBFFD20280F5D0014E498 /* ArticleViewModel.swift */,
				C90BBFFB20280F190014E498 /* ArticleListViewModel.swift */,
				C9FD288022CE8E7000CA0F58 /* ArticleViewAction.swift */,
			);
			path = "Article List";
			sourceTree = "<group>";
		};
		C9E0201E209018FB00E80516 /* Extensions */ = {
			isa = PBXGroup;
			children = (
				C9E0201F2090191600E80516 /* DateExtensionTests.swift */,
			);
			path = Extensions;
			sourceTree = "<group>";
		};
		C9F3DA74207DA825009B4C2E /* Protocols */ = {
			isa = PBXGroup;
			children = (
				C98AB98520465DA400FB8ECD /* ArticleViewable.swift */,
				C975149E20ED749600E7C2F1 /* BottomBarHideable.swift */,
				C9F7CE2820CF741F00E53723 /* ColorChangeable.swift */,
				C9B06EB420577DFB0048952C /* CommentContainable.swift */,
				C9F3DA75207DA890009B4C2E /* HackerNewsItemType.swift */,
				C9D82C6520EEFEE5002EFBCF /* Shareable.swift */,
			);
			path = Protocols;
			sourceTree = "<group>";
		};
		C9FD287922C594F700CA0F58 /* Comments */ = {
			isa = PBXGroup;
			children = (
				C9B06EB6206B2D350048952C /* CommentTableViewCell.swift */,
				C9DAE81C204235DD003D6ADF /* CommentsViewController.swift */,
				C9FD287A22C595AC00CA0F58 /* CommentHeaderTableViewCell.swift */,
				C9FD287B22C595AC00CA0F58 /* CommentHeaderTableViewCell.xib */,
				C9FD287E22C5C26900CA0F58 /* CommentSection.swift */,
				C9FD288222D835D800CA0F58 /* EmptyCommentsTableViewCell.swift */,
				C9FD288322D835D800CA0F58 /* EmptyCommentsTableViewCell.xib */,
			);
			path = Comments;
			sourceTree = "<group>";
		};
/* End PBXGroup section */

/* Begin PBXNativeTarget section */
		C950C1E6201553EE00917A44 /* Hacker News Zero */ = {
			isa = PBXNativeTarget;
			buildConfigurationList = C950C209201553EE00917A44 /* Build configuration list for PBXNativeTarget "Hacker News Zero" */;
			buildPhases = (
				C92BCEFF22DEBD1D00835345 /* Swiftlint Run Script */,
				C950C1E3201553EE00917A44 /* Sources */,
				C950C1E4201553EE00917A44 /* Frameworks */,
				C950C1E5201553EE00917A44 /* Resources */,
				C92E18C822DBD57100C57E9D /* Carthage Copy Frameworks Script */,
				C92BCEFA22DC15D100835345 /* Crashlytics Run Script */,
			);
			buildRules = (
			);
			dependencies = (
			);
			name = "Hacker News Zero";
			productName = "Hacker News Zero";
			productReference = C950C1E7201553EE00917A44 /* Hacker News Zero.app */;
			productType = "com.apple.product-type.application";
		};
		C950C1FF201553EE00917A44 /* Hacker News ZeroTests */ = {
			isa = PBXNativeTarget;
			buildConfigurationList = C950C20C201553EE00917A44 /* Build configuration list for PBXNativeTarget "Hacker News ZeroTests" */;
			buildPhases = (
				FA3FB06E0C6569C109610056 /* [CP] Check Pods Manifest.lock */,
				C950C1FC201553EE00917A44 /* Sources */,
				C950C1FD201553EE00917A44 /* Frameworks */,
				C950C1FE201553EE00917A44 /* Resources */,
			);
			buildRules = (
			);
			dependencies = (
				C950C202201553EE00917A44 /* PBXTargetDependency */,
			);
			name = "Hacker News ZeroTests";
			productName = "Hacker News ZeroTests";
			productReference = C950C200201553EE00917A44 /* Hacker News ZeroTests.xctest */;
			productType = "com.apple.product-type.bundle.unit-test";
		};
/* End PBXNativeTarget section */

/* Begin PBXProject section */
		C950C1DF201553EE00917A44 /* Project object */ = {
			isa = PBXProject;
			attributes = {
				LastSwiftUpdateCheck = 0920;
				LastUpgradeCheck = 1010;
				ORGANIZATIONNAME = locacha;
				TargetAttributes = {
					C950C1E6201553EE00917A44 = {
						CreatedOnToolsVersion = 9.2;
						LastSwiftMigration = 1010;
						ProvisioningStyle = Manual;
					};
					C950C1FF201553EE00917A44 = {
						CreatedOnToolsVersion = 9.2;
						LastSwiftMigration = 1010;
						ProvisioningStyle = Automatic;
						TestTargetID = C950C1E6201553EE00917A44;
					};
				};
			};
			buildConfigurationList = C950C1E2201553EE00917A44 /* Build configuration list for PBXProject "Hacker News Zero" */;
			compatibilityVersion = "Xcode 8.0";
			developmentRegion = en;
			hasScannedForEncodings = 0;
			knownRegions = (
				en,
				Base,
			);
			mainGroup = C950C1DE201553EE00917A44;
			productRefGroup = C950C1E8201553EE00917A44 /* Products */;
			projectDirPath = "";
			projectRoot = "";
			targets = (
				C950C1E6201553EE00917A44 /* Hacker News Zero */,
				C950C1FF201553EE00917A44 /* Hacker News ZeroTests */,
			);
		};
/* End PBXProject section */

/* Begin PBXResourcesBuildPhase section */
		C950C1E5201553EE00917A44 /* Resources */ = {
			isa = PBXResourcesBuildPhase;
			buildActionMask = 2147483647;
			files = (
				C92C70F021B2463C00A4219E /* .swiftlint.yml in Resources */,
				C950C1FA201553EE00917A44 /* LaunchScreen.storyboard in Resources */,
				C950C1F7201553EE00917A44 /* Assets.xcassets in Resources */,
				C9FD287D22C595AC00CA0F58 /* CommentHeaderTableViewCell.xib in Resources */,
				C9AEF04C21B309C4004796BD /* LICENSE in Resources */,
				C9E468052120D8D700F4E1C0 /* GoogleService-Info.plist in Resources */,
				C950C1F5201553EE00917A44 /* Main.storyboard in Resources */,
				C9AEF04E21B30A44004796BD /* README.md in Resources */,
				C9B17C4F20E09DB1005E52A9 /* terminus.ttf in Resources */,
				C9FD288522D835D800CA0F58 /* EmptyCommentsTableViewCell.xib in Resources */,
			);
			runOnlyForDeploymentPostprocessing = 0;
		};
		C950C1FE201553EE00917A44 /* Resources */ = {
			isa = PBXResourcesBuildPhase;
			buildActionMask = 2147483647;
			files = (
				C93708F52086C796008926D5 /* Article-Story.json in Resources */,
				C93708F42086C796008926D5 /* Article-Job.json in Resources */,
				C93708F22086C796008926D5 /* Article-Ask.json in Resources */,
				C9B83A4621B48F12005BF0B7 /* item_18582469.json in Resources */,
				C93708FA2086E826008926D5 /* ArticleList.json in Resources */,
				C93708F32086C796008926D5 /* Comment.json in Resources */,
				C9B83A3F21B48E60005BF0B7 /* stories_top.json in Resources */,
				C9B83A4421B48EE7005BF0B7 /* item_18583722.json in Resources */,
				C9B83A4821B48F3E005BF0B7 /* item_18583915.json in Resources */,
			);
			runOnlyForDeploymentPostprocessing = 0;
		};
/* End PBXResourcesBuildPhase section */

/* Begin PBXShellScriptBuildPhase section */
		C92BCEFA22DC15D100835345 /* Crashlytics Run Script */ = {
			isa = PBXShellScriptBuildPhase;
			buildActionMask = 2147483647;
			files = (
			);
			inputFileListPaths = (
			);
			inputPaths = (
				"$(BUILT_PRODUCTS_DIR)/$(INFOPLIST_PATH)",
			);
			name = "Crashlytics Run Script";
			outputFileListPaths = (
			);
			outputPaths = (
			);
			runOnlyForDeploymentPostprocessing = 0;
			shellPath = /bin/sh;
			shellScript = "\"${PROJECT_DIR}/Carthage/Build/iOS/Fabric.framework/run\"\n";
		};
		C92BCEFF22DEBD1D00835345 /* Swiftlint Run Script */ = {
			isa = PBXShellScriptBuildPhase;
			buildActionMask = 2147483647;
			files = (
			);
			inputFileListPaths = (
			);
			inputPaths = (
			);
			name = "Swiftlint Run Script";
			outputFileListPaths = (
			);
			outputPaths = (
			);
			runOnlyForDeploymentPostprocessing = 0;
			shellPath = /bin/sh;
			shellScript = "if which swiftlint >/dev/null; then\n    swiftlint autocorrect\n    swiftlint\nelse\n    echo \"warning: Swiftlint not installed!\"\nfi\n";
		};
		C92E18C822DBD57100C57E9D /* Carthage Copy Frameworks Script */ = {
			isa = PBXShellScriptBuildPhase;
			buildActionMask = 2147483647;
			files = (
			);
			inputFileListPaths = (
				"$(SRCROOT)/input.xcfilelist",
			);
			inputPaths = (
			);
			name = "Carthage Copy Frameworks Script";
			outputFileListPaths = (
				"$(SRCROOT)/output.xcfilelist",
			);
			outputPaths = (
			);
			runOnlyForDeploymentPostprocessing = 0;
			shellPath = /bin/sh;
			shellScript = "/usr/local/bin/carthage copy-frameworks\n";
		};
		FA3FB06E0C6569C109610056 /* [CP] Check Pods Manifest.lock */ = {
			isa = PBXShellScriptBuildPhase;
			buildActionMask = 2147483647;
			files = (
			);
			inputPaths = (
				"${PODS_PODFILE_DIR_PATH}/Podfile.lock",
				"${PODS_ROOT}/Manifest.lock",
			);
			name = "[CP] Check Pods Manifest.lock";
			outputPaths = (
				"$(DERIVED_FILE_DIR)/Pods-Hacker News ZeroTests-checkManifestLockResult.txt",
			);
			runOnlyForDeploymentPostprocessing = 0;
			shellPath = /bin/sh;
			shellScript = "diff \"${PODS_PODFILE_DIR_PATH}/Podfile.lock\" \"${PODS_ROOT}/Manifest.lock\" > /dev/null\nif [ $? != 0 ] ; then\n    # print error to STDERR\n    echo \"error: The sandbox is not in sync with the Podfile.lock. Run 'pod install' or update your CocoaPods installation.\" >&2\n    exit 1\nfi\n# This output is used by Xcode 'outputs' to avoid re-running this script phase.\necho \"SUCCESS\" > \"${SCRIPT_OUTPUT_FILE_0}\"\n";
			showEnvVarsInLog = 0;
		};
/* End PBXShellScriptBuildPhase section */

/* Begin PBXSourcesBuildPhase section */
		C950C1E3201553EE00917A44 /* Sources */ = {
			isa = PBXSourcesBuildPhase;
			buildActionMask = 2147483647;
			files = (
				C9A430C32123BF01003318C6 /* LoadingSpinnerCell.swift in Sources */,
				C90BC00C20329F700014E498 /* Endpoint.swift in Sources */,
				C9B06EAE205390D50048952C /* Comment.swift in Sources */,
				C950C1EB201553EE00917A44 /* AppDelegate.swift in Sources */,
				C950C217201AE50E00917A44 /* Article.swift in Sources */,
				C9E0201D2090181B00E80516 /* Date+DisplayString.swift in Sources */,
				C908EADE20280A00007FC681 /* ApiClient.swift in Sources */,
				C9B06EB320546BDD0048952C /* CommentItemViewModel.swift in Sources */,
				C98AB98620465DA400FB8ECD /* ArticleViewable.swift in Sources */,
				C98AB984204508F700FB8ECD /* AppNavigator.swift in Sources */,
				C9B06EAC204CF67F0048952C /* WebViewModel.swift in Sources */,
				C9B06EBC206C93780048952C /* ArticleType.swift in Sources */,
				C9B06EB120539C400048952C /* NetworkError.swift in Sources */,
				C90BBFFE20280F5D0014E498 /* ArticleViewModel.swift in Sources */,
				C950C215201ADB8300917A44 /* HackerNewsApiClient.swift in Sources */,
				C9F3DA78208056F9009B4C2E /* AttributedLabel+htmlText.swift in Sources */,
				C969BEAB20F592B600DDD0D0 /* UIDevice+iPad.swift in Sources */,
				C90BC002202964740014E498 /* ArticleTableViewCell.swift in Sources */,
				C9B06EA7204CEF670048952C /* ComentsViewModel.swift in Sources */,
				C950C1F0201553EE00917A44 /* ArticleViewController.swift in Sources */,
				C9FD287C22C595AC00CA0F58 /* CommentHeaderTableViewCell.swift in Sources */,
				C908EADC20280890007FC681 /* HackerNewsRepository.swift in Sources */,
				C9B06EBA206C91CF0048952C /* OptionsViewController.swift in Sources */,
				C90BBFFC20280F190014E498 /* ArticleListViewModel.swift in Sources */,
				C9FD287F22C5C26900CA0F58 /* CommentSection.swift in Sources */,
				C9FD288422D835D800CA0F58 /* EmptyCommentsTableViewCell.swift in Sources */,
				C9DAE81F204235E8003D6ADF /* WebViewController.swift in Sources */,
				C9F3DA76207DA890009B4C2E /* HackerNewsItemType.swift in Sources */,
				C9D82C6620EEFEE5002EFBCF /* Shareable.swift in Sources */,
				C9F7CE2B20CF765500E53723 /* ColorScheme.swift in Sources */,
				C97F1A5120F151E400899E45 /* UIRefreshControl+RefreshHack.swift in Sources */,
				C96135E52077102B00812AF3 /* MainViewController.swift in Sources */,
				C975149F20ED749600E7C2F1 /* BottomBarHideable.swift in Sources */,
				C9B06EC1206F160F0048952C /* FixedTextView.swift in Sources */,
				C9B06EBE206DCFD70048952C /* String+HTML.swift in Sources */,
				C9B06EA52048CB4B0048952C /* UITableView+FlexibleHeader.swift in Sources */,
				C96135EA207C614C00812AF3 /* AppConstants.swift in Sources */,
				C9B06EB520577DFB0048952C /* CommentContainable.swift in Sources */,
				C9F7CE2920CF741F00E53723 /* ColorChangeable.swift in Sources */,
				C9F7CE2D20D4BF2000E53723 /* SettingsCache.swift in Sources */,
				C9DAE81D204235DD003D6ADF /* CommentsViewController.swift in Sources */,
				C9B06EB7206B2D350048952C /* CommentTableViewCell.swift in Sources */,
				C908EAE120280AF6007FC681 /* ApiCache.swift in Sources */,
				C9B06EA9204CF0DA0048952C /* String+Localized.swift in Sources */,
				C9FD288122CE8E7000CA0F58 /* ArticleViewAction.swift in Sources */,
				C9DAE81B204234FD003D6ADF /* ArticleContainerViewController.swift in Sources */,
				C90BC004202D563A0014E498 /* MainNavigationSplitViewDelegate.swift in Sources */,
			);
			runOnlyForDeploymentPostprocessing = 0;
		};
		C950C1FC201553EE00917A44 /* Sources */ = {
			isa = PBXSourcesBuildPhase;
			buildActionMask = 2147483647;
			files = (
				C963F47621AE25FA0078D697 /* ArticleListTests.swift in Sources */,
				C9AEF05421B3A7B9004796BD /* Endpoint+Test.swift in Sources */,
				C9E0201B208ED25E00E80516 /* CommentItemViewModelTests.swift in Sources */,
				C9E020202090191600E80516 /* DateExtensionTests.swift in Sources */,
				C9E02015208974AF00E80516 /* ArticleViewModelTests.swift in Sources */,
				C9E02024209AB32C00E80516 /* WebViewModelTests.swift in Sources */,
				C9E02019208C296200E80516 /* MockDate.swift in Sources */,
				C9B83A4F21BA3621005BF0B7 /* CommentsTests.swift in Sources */,
				C9AEF05021B30C84004796BD /* MockApiClient.swift in Sources */,
				C93708E92086C607008926D5 /* ArticleTests.swift in Sources */,
				C9E02011208970C900E80516 /* CommentTests.swift in Sources */,
				C9E0200F2086F20800E80516 /* DataHelper.swift in Sources */,
			);
			runOnlyForDeploymentPostprocessing = 0;
		};
/* End PBXSourcesBuildPhase section */

/* Begin PBXTargetDependency section */
		C950C202201553EE00917A44 /* PBXTargetDependency */ = {
			isa = PBXTargetDependency;
			target = C950C1E6201553EE00917A44 /* Hacker News Zero */;
			targetProxy = C950C201201553EE00917A44 /* PBXContainerItemProxy */;
		};
/* End PBXTargetDependency section */

/* Begin PBXVariantGroup section */
		C950C1F3201553EE00917A44 /* Main.storyboard */ = {
			isa = PBXVariantGroup;
			children = (
				C950C1F4201553EE00917A44 /* Base */,
			);
			name = Main.storyboard;
			sourceTree = "<group>";
		};
		C950C1F8201553EE00917A44 /* LaunchScreen.storyboard */ = {
			isa = PBXVariantGroup;
			children = (
				C950C1F9201553EE00917A44 /* Base */,
			);
			name = LaunchScreen.storyboard;
			sourceTree = "<group>";
		};
/* End PBXVariantGroup section */

/* Begin XCBuildConfiguration section */
		C950C207201553EE00917A44 /* Debug */ = {
			isa = XCBuildConfiguration;
			buildSettings = {
				ALWAYS_SEARCH_USER_PATHS = NO;
				CLANG_ANALYZER_NONNULL = YES;
				CLANG_ANALYZER_NUMBER_OBJECT_CONVERSION = YES_AGGRESSIVE;
				CLANG_CXX_LANGUAGE_STANDARD = "gnu++14";
				CLANG_CXX_LIBRARY = "libc++";
				CLANG_ENABLE_MODULES = YES;
				CLANG_ENABLE_OBJC_ARC = YES;
				CLANG_WARN_BLOCK_CAPTURE_AUTORELEASING = YES;
				CLANG_WARN_BOOL_CONVERSION = YES;
				CLANG_WARN_COMMA = YES;
				CLANG_WARN_CONSTANT_CONVERSION = YES;
				CLANG_WARN_DEPRECATED_OBJC_IMPLEMENTATIONS = YES;
				CLANG_WARN_DIRECT_OBJC_ISA_USAGE = YES_ERROR;
				CLANG_WARN_DOCUMENTATION_COMMENTS = YES;
				CLANG_WARN_EMPTY_BODY = YES;
				CLANG_WARN_ENUM_CONVERSION = YES;
				CLANG_WARN_INFINITE_RECURSION = YES;
				CLANG_WARN_INT_CONVERSION = YES;
				CLANG_WARN_NON_LITERAL_NULL_CONVERSION = YES;
				CLANG_WARN_OBJC_IMPLICIT_RETAIN_SELF = YES;
				CLANG_WARN_OBJC_LITERAL_CONVERSION = YES;
				CLANG_WARN_OBJC_ROOT_CLASS = YES_ERROR;
				CLANG_WARN_RANGE_LOOP_ANALYSIS = YES;
				CLANG_WARN_STRICT_PROTOTYPES = YES;
				CLANG_WARN_SUSPICIOUS_MOVE = YES;
				CLANG_WARN_UNGUARDED_AVAILABILITY = YES_AGGRESSIVE;
				CLANG_WARN_UNREACHABLE_CODE = YES;
				CLANG_WARN__DUPLICATE_METHOD_MATCH = YES;
				CODE_SIGN_IDENTITY = "iPhone Developer";
				COPY_PHASE_STRIP = NO;
				DEBUG_INFORMATION_FORMAT = dwarf;
				ENABLE_STRICT_OBJC_MSGSEND = YES;
				ENABLE_TESTABILITY = YES;
				GCC_C_LANGUAGE_STANDARD = gnu11;
				GCC_DYNAMIC_NO_PIC = NO;
				GCC_NO_COMMON_BLOCKS = YES;
				GCC_OPTIMIZATION_LEVEL = 0;
				GCC_PREPROCESSOR_DEFINITIONS = (
					"DEBUG=1",
					"$(inherited)",
				);
				GCC_WARN_64_TO_32_BIT_CONVERSION = YES;
				GCC_WARN_ABOUT_RETURN_TYPE = YES_ERROR;
				GCC_WARN_UNDECLARED_SELECTOR = YES;
				GCC_WARN_UNINITIALIZED_AUTOS = YES_AGGRESSIVE;
				GCC_WARN_UNUSED_FUNCTION = YES;
				GCC_WARN_UNUSED_VARIABLE = YES;
				IPHONEOS_DEPLOYMENT_TARGET = 11.2;
				MTL_ENABLE_DEBUG_INFO = YES;
				ONLY_ACTIVE_ARCH = YES;
				SDKROOT = iphoneos;
				SWIFT_ACTIVE_COMPILATION_CONDITIONS = DEBUG;
				SWIFT_OPTIMIZATION_LEVEL = "-Onone";
			};
			name = Debug;
		};
		C950C208201553EE00917A44 /* Release */ = {
			isa = XCBuildConfiguration;
			buildSettings = {
				ALWAYS_SEARCH_USER_PATHS = NO;
				CLANG_ANALYZER_NONNULL = YES;
				CLANG_ANALYZER_NUMBER_OBJECT_CONVERSION = YES_AGGRESSIVE;
				CLANG_CXX_LANGUAGE_STANDARD = "gnu++14";
				CLANG_CXX_LIBRARY = "libc++";
				CLANG_ENABLE_MODULES = YES;
				CLANG_ENABLE_OBJC_ARC = YES;
				CLANG_WARN_BLOCK_CAPTURE_AUTORELEASING = YES;
				CLANG_WARN_BOOL_CONVERSION = YES;
				CLANG_WARN_COMMA = YES;
				CLANG_WARN_CONSTANT_CONVERSION = YES;
				CLANG_WARN_DEPRECATED_OBJC_IMPLEMENTATIONS = YES;
				CLANG_WARN_DIRECT_OBJC_ISA_USAGE = YES_ERROR;
				CLANG_WARN_DOCUMENTATION_COMMENTS = YES;
				CLANG_WARN_EMPTY_BODY = YES;
				CLANG_WARN_ENUM_CONVERSION = YES;
				CLANG_WARN_INFINITE_RECURSION = YES;
				CLANG_WARN_INT_CONVERSION = YES;
				CLANG_WARN_NON_LITERAL_NULL_CONVERSION = YES;
				CLANG_WARN_OBJC_IMPLICIT_RETAIN_SELF = YES;
				CLANG_WARN_OBJC_LITERAL_CONVERSION = YES;
				CLANG_WARN_OBJC_ROOT_CLASS = YES_ERROR;
				CLANG_WARN_RANGE_LOOP_ANALYSIS = YES;
				CLANG_WARN_STRICT_PROTOTYPES = YES;
				CLANG_WARN_SUSPICIOUS_MOVE = YES;
				CLANG_WARN_UNGUARDED_AVAILABILITY = YES_AGGRESSIVE;
				CLANG_WARN_UNREACHABLE_CODE = YES;
				CLANG_WARN__DUPLICATE_METHOD_MATCH = YES;
				CODE_SIGN_IDENTITY = "iPhone Developer";
				COPY_PHASE_STRIP = NO;
				DEBUG_INFORMATION_FORMAT = "dwarf-with-dsym";
				ENABLE_NS_ASSERTIONS = NO;
				ENABLE_STRICT_OBJC_MSGSEND = YES;
				GCC_C_LANGUAGE_STANDARD = gnu11;
				GCC_NO_COMMON_BLOCKS = YES;
				GCC_WARN_64_TO_32_BIT_CONVERSION = YES;
				GCC_WARN_ABOUT_RETURN_TYPE = YES_ERROR;
				GCC_WARN_UNDECLARED_SELECTOR = YES;
				GCC_WARN_UNINITIALIZED_AUTOS = YES_AGGRESSIVE;
				GCC_WARN_UNUSED_FUNCTION = YES;
				GCC_WARN_UNUSED_VARIABLE = YES;
				IPHONEOS_DEPLOYMENT_TARGET = 11.2;
				MTL_ENABLE_DEBUG_INFO = NO;
				SDKROOT = iphoneos;
				SWIFT_COMPILATION_MODE = wholemodule;
				SWIFT_OPTIMIZATION_LEVEL = "-O";
				VALIDATE_PRODUCT = YES;
			};
			name = Release;
		};
		C950C20A201553EE00917A44 /* Debug */ = {
			isa = XCBuildConfiguration;
			buildSettings = {
				ASSETCATALOG_COMPILER_APPICON_NAME = AppIcon;
				CODE_SIGN_IDENTITY = "iPhone Developer";
				CODE_SIGN_STYLE = Manual;
				DEBUG_INFORMATION_FORMAT = "dwarf-with-dsym";
				DEVELOPMENT_TEAM = 735H4JCR7N;
				FRAMEWORK_SEARCH_PATHS = (
					"$(inherited)",
					"$(PROJECT_DIR)/Carthage/Build/iOS",
					"$(PROJECT_DIR)/Hacker\\ News\\ Zero",
					"$(PROJECT_DIR)/Hacker\\ News\\ Zero",
					"$(PROJECT_DIR)/Hacker\\ News\\ Zero",
					"$(PROJECT_DIR)/Hacker\\ News\\ Zero",
					"$(PROJECT_DIR)/Hacker\\ News\\ Zero",
					"$(PROJECT_DIR)/Hacker\\ News\\ Zero",
					"$(PROJECT_DIR)/Hacker\\ News\\ Zero",
					"$(PROJECT_DIR)/Hacker\\ News\\ Zero",
					"$(PROJECT_DIR)/Hacker\\ News\\ Zero",
					"$(PROJECT_DIR)",
				);
				INFOPLIST_FILE = "Hacker News Zero/Resources/Info.plist";
				LD_RUNPATH_SEARCH_PATHS = (
					"$(inherited)",
					"@executable_path/Frameworks",
				);
				OTHER_LDFLAGS = (
					"$(OTHER_LDFLAGS)",
					"-ObjC",
				);
				PRODUCT_BUNDLE_IDENTIFIER = com.hnzero;
				PRODUCT_NAME = "$(TARGET_NAME)";
				PROVISIONING_PROFILE = "d72ca6d6-c810-4c29-8f5c-9da6c4c17344";
				PROVISIONING_PROFILE_SPECIFIER = "HN Zero Development (2017)";
				SWIFT_VERSION = 4.2;
				TARGETED_DEVICE_FAMILY = "1,2";
			};
			name = Debug;
		};
		C950C20B201553EE00917A44 /* Release */ = {
			isa = XCBuildConfiguration;
			buildSettings = {
				ASSETCATALOG_COMPILER_APPICON_NAME = AppIcon;
				CODE_SIGN_IDENTITY = "iPhone Distribution";
				CODE_SIGN_STYLE = Manual;
				DEVELOPMENT_TEAM = 735H4JCR7N;
				FRAMEWORK_SEARCH_PATHS = (
					"$(inherited)",
					"$(PROJECT_DIR)/Carthage/Build/iOS",
					"$(PROJECT_DIR)/Hacker\\ News\\ Zero",
					"$(PROJECT_DIR)/Hacker\\ News\\ Zero",
					"$(PROJECT_DIR)/Hacker\\ News\\ Zero",
					"$(PROJECT_DIR)/Hacker\\ News\\ Zero",
					"$(PROJECT_DIR)/Hacker\\ News\\ Zero",
					"$(PROJECT_DIR)/Hacker\\ News\\ Zero",
					"$(PROJECT_DIR)/Hacker\\ News\\ Zero",
					"$(PROJECT_DIR)/Hacker\\ News\\ Zero",
					"$(PROJECT_DIR)/Hacker\\ News\\ Zero",
					"$(PROJECT_DIR)",
				);
				INFOPLIST_FILE = "Hacker News Zero/Resources/Info.plist";
				LD_RUNPATH_SEARCH_PATHS = (
					"$(inherited)",
					"@executable_path/Frameworks",
				);
				OTHER_LDFLAGS = (
					"$(OTHER_LDFLAGS)",
					"-ObjC",
				);
				PRODUCT_BUNDLE_IDENTIFIER = com.hnzero;
				PRODUCT_NAME = "$(TARGET_NAME)";
				PROVISIONING_PROFILE = "dea7ffb2-85a3-4ba8-a1e2-15799e4cb919";
				PROVISIONING_PROFILE_SPECIFIER = "HN Zero MacBook Pro";
				SWIFT_VERSION = 4.2;
				TARGETED_DEVICE_FAMILY = "1,2";
			};
			name = Release;
		};
		C950C20D201553EE00917A44 /* Debug */ = {
			isa = XCBuildConfiguration;
			buildSettings = {
				ALWAYS_EMBED_SWIFT_STANDARD_LIBRARIES = YES;
				BUNDLE_LOADER = "$(TEST_HOST)";
				CODE_SIGN_STYLE = Automatic;
				DEVELOPMENT_TEAM = 735H4JCR7N;
				INFOPLIST_FILE = "Hacker News ZeroTests/Supporting Files/Info.plist";
				LD_RUNPATH_SEARCH_PATHS = (
					"$(inherited)",
					"@executable_path/Frameworks",
					"@loader_path/Frameworks",
				);
				PRODUCT_BUNDLE_IDENTIFIER = "com.locacha.Hacker-News-ZeroTests";
				PRODUCT_NAME = "$(TARGET_NAME)";
				SWIFT_VERSION = 4.2;
				TARGETED_DEVICE_FAMILY = "1,2";
				TEST_HOST = "$(BUILT_PRODUCTS_DIR)/Hacker News Zero.app/Hacker News Zero";
			};
			name = Debug;
		};
		C950C20E201553EE00917A44 /* Release */ = {
			isa = XCBuildConfiguration;
			buildSettings = {
				ALWAYS_EMBED_SWIFT_STANDARD_LIBRARIES = YES;
				BUNDLE_LOADER = "$(TEST_HOST)";
				CODE_SIGN_STYLE = Automatic;
				DEVELOPMENT_TEAM = 735H4JCR7N;
				INFOPLIST_FILE = "Hacker News ZeroTests/Supporting Files/Info.plist";
				LD_RUNPATH_SEARCH_PATHS = (
					"$(inherited)",
					"@executable_path/Frameworks",
					"@loader_path/Frameworks",
				);
				PRODUCT_BUNDLE_IDENTIFIER = "com.locacha.Hacker-News-ZeroTests";
				PRODUCT_NAME = "$(TARGET_NAME)";
				SWIFT_VERSION = 4.2;
				TARGETED_DEVICE_FAMILY = "1,2";
				TEST_HOST = "$(BUILT_PRODUCTS_DIR)/Hacker News Zero.app/Hacker News Zero";
			};
			name = Release;
		};
/* End XCBuildConfiguration section */

/* Begin XCConfigurationList section */
		C950C1E2201553EE00917A44 /* Build configuration list for PBXProject "Hacker News Zero" */ = {
			isa = XCConfigurationList;
			buildConfigurations = (
				C950C207201553EE00917A44 /* Debug */,
				C950C208201553EE00917A44 /* Release */,
			);
			defaultConfigurationIsVisible = 0;
			defaultConfigurationName = Release;
		};
		C950C209201553EE00917A44 /* Build configuration list for PBXNativeTarget "Hacker News Zero" */ = {
			isa = XCConfigurationList;
			buildConfigurations = (
				C950C20A201553EE00917A44 /* Debug */,
				C950C20B201553EE00917A44 /* Release */,
			);
			defaultConfigurationIsVisible = 0;
			defaultConfigurationName = Release;
		};
		C950C20C201553EE00917A44 /* Build configuration list for PBXNativeTarget "Hacker News ZeroTests" */ = {
			isa = XCConfigurationList;
			buildConfigurations = (
				C950C20D201553EE00917A44 /* Debug */,
				C950C20E201553EE00917A44 /* Release */,
			);
			defaultConfigurationIsVisible = 0;
			defaultConfigurationName = Release;
		};
/* End XCConfigurationList section */
	};
	rootObject = C950C1DF201553EE00917A44 /* Project object */;
}
